[project]
name = "esp32project"
version = "0.1.0"
description = "Project description."
homepage-url = "www.hello-world.com"

bin_name = "test_bin"
lib_name = "test_lib"
target = "esp32"
build-env = "docker"
docker-file = ".devcontainer/Dockerfile-custom"
docker-image-tag = "esp32project-dev:1.0"

cc  = "arm-none-eabi-gcc"
cxx = "arm-none-eabi-g++"
cxxstandard = "17"

cflags   = "-Wall -Wextra"
cxxflags = "-Wall -Wextra"

in-repo-conan-cache = false

[profile.Debug]
cflags   = "-g"
cxxflags = "-g"

[profile.Release]
cflags   = "-O3 -DNDEBUG"
cxxflags = "-O3 -DNDEBUG"

[profile.RelWithDebInfo]
cflags   = "-O2 -g -DNDEBUG"
cxxflags = "-O2 -g -DNDEBUG"

[profile.MinSizeRel]
cflags   = "-Os -DNDEBUG"
cxxflags = "-Os -DNDEBUG"

[check]
exclude = []

[check.pragma]
exclude = []

[check.copyright]
description = "Copyright"
exclude = []

[check.todo]
keywords = ["tbd", "todo", "TODO", "fixme"]
exclude = []

[check.cppcheck]
directories = [
    "src/",
    "main/",
]
suppress = [
#    "unusedFunction",
    "missingIncludeSystem"
]

[check.clang-format]
exclude = []

[check.clang-tidy]
exclude = []

[check.cyclomatic]
exclude = []

[tests]
cc  = "gcc"
cxx = "g++"

cflags   = "-Wall -Wextra -Og --coverage -fkeep-inline-functions -fkeep-static-consts"
cxxflags = "-Wall -Wextra -Og --coverage -fkeep-inline-functions -fkeep-static-consts"

gcov-executable = "" # Empty string -> use default gcov executable

# conan dependencies "lib_name/version"
[dependencies]
general = [
]
build = [
]
tool = [
]
test = [
    "gtest/1.12.1"
]

[conan.repo]
# conancenter = "https://center.conan.io"

[esp32]
extra_component_dirs=[]
partitions = [
    "nvs,      data, nvs,     0x9000,  0x4000,",
    "otadata,  data, ota,     0xd000,  0x2000,",
    "phy_init, data, phy,     0xf000,  0x1000,",
    "ota_0,    app,  ota_0,   0x10000, 0x180000,",
    "ota_1,    app,  ota_1,   0x190000,0x180000,",
    "spiffs,   data, spiffs,  0x310000,0x6000,"
]

[scargo]
console-log-level = "INFO"
file-log-level = "WARNING"
update-exclude = [

]
version = "1.3.7"
