[project]
name = "common_scargo_project_path"
version = "0.1.0"
description = "Project description."
homepage-url = "www.hello-world.com"

bin_name = "common_scargo_project_path"
target = "x86"
build-env = "docker"
docker-file = ".devcontainer/Dockerfile-custom"
docker-image-tag = "common_scargo_project_path-dev:1.0"

cc  = "gcc"
cxx = "g++"
cxxstandard = "17"

cflags   = "-Wall -Wextra"
cxxflags = "-Wall -Wextra"

in-repo-conan-cache = false

[profile.Debug]
cflags   = "-g"
cxxflags = "-g"

[profile.Release]
cflags   = "-O3 -DNDEBUG"
cxxflags = "-O3 -DNDEBUG"

[profile.RelWithDebInfo]
cflags   = "-O2 -g -DNDEBUG"
cxxflags = "-O2 -g -DNDEBUG"

[profile.MinSizeRel]
cflags   = "-Os -DNDEBUG"
cxxflags = "-Os -DNDEBUG"

[check]
exclude = []

[check.pragma]
exclude = []

[check.copyright]
description = "Copyright"
exclude = []

[check.todo]
keywords = ["tbd", "todo", "TODO", "fixme"]
exclude = []

[check.cppcheck]
directories = [
    "src/",
    "main/",
]
suppress = [
#    "unusedFunction",
    "missingIncludeSystem"
]

[check.clang-format]
exclude = []

[check.clang-tidy]
exclude = []

[check.cyclomatic]
exclude = []

[tests]
cc  = "gcc"
cxx = "g++"

cflags   = "-Wall -Wextra -Og --coverage -fkeep-inline-functions -fkeep-static-consts"
cxxflags = "-Wall -Wextra -Og --coverage -fkeep-inline-functions -fkeep-static-consts"

gcov-executable = "" # Empty string -> use default gcov executable

# conan dependencies "lib_name/version"
[dependencies]
general = [
]
build = [
]
tool = [
    "gtest/cci.20210126"
]

[conan.repo]
# conancenter = "https://center.conan.io"


[scargo]
version = "1.0.0"

